
Microsoft Visual Studio Solution File, Format Version 12.00
# Visual Studio 15
VisualStudioVersion = 15.0.27703.2042
MinimumVisualStudioVersion = 10.0.40219.1
Project("{FAE04EC0-301F-11D3-BF4B-00C04F79EFBC}") = "GTWeb", "GTWeb\GTWeb.csproj", "{DF14377E-9C48-42BF-A6A5-13A8F6BB3F59}"
EndProject
Project("{FAE04EC0-301F-11D3-BF4B-00C04F79EFBC}") = "GT.Core", "GT.Core\GT.Core.csproj", "{7689AE87-4D82-4C4C-8445-B1A1D2E2213D}"
EndProject
Project("{FAE04EC0-301F-11D3-BF4B-00C04F79EFBC}") = "GT.DataLibrary", "DataLibrary\GT.DataLibrary.csproj", "{5C52D1F7-BDF7-47B1-981E-9C3E1AC581E3}"
EndProject
Project("{FAE04EC0-301F-11D3-BF4B-00C04F79EFBC}") = "GT.Utility", "GT.Utility\GT.Utility.csproj", "{EA126416-7EE6-44C0-BB6A-599BF83E7DDA}"
EndProject
Global
	GlobalSection(SolutionConfigurationPlatforms) = preSolution
		Debug|Any CPU = Debug|Any CPU
		Release|Any CPU = Release|Any CPU
	EndGlobalSection
	GlobalSection(ProjectConfigurationPlatforms) = postSolution
		{DF14377E-9C48-42BF-A6A5-13A8F6BB3F59}.Debug|Any CPU.ActiveCfg = Debug|Any CPU
		{DF14377E-9C48-42BF-A6A5-13A8F6BB3F59}.Debug|Any CPU.Build.0 = Debug|Any CPU
		{DF14377E-9C48-42BF-A6A5-13A8F6BB3F59}.Release|Any CPU.ActiveCfg = Release|Any CPU
		{DF14377E-9C48-42BF-A6A5-13A8F6BB3F59}.Release|Any CPU.Build.0 = Release|Any CPU
		{7689AE87-4D82-4C4C-8445-B1A1D2E2213D}.Debug|Any CPU.ActiveCfg = Debug|Any CPU
		{7689AE87-4D82-4C4C-8445-B1A1D2E2213D}.Debug|Any CPU.Build.0 = Debug|Any CPU
		{7689AE87-4D82-4C4C-8445-B1A1D2E2213D}.Release|Any CPU.ActiveCfg = Release|Any CPU
		{7689AE87-4D82-4C4C-8445-B1A1D2E2213D}.Release|Any CPU.Build.0 = Release|Any CPU
		{5C52D1F7-BDF7-47B1-981E-9C3E1AC581E3}.Debug|Any CPU.ActiveCfg = Debug|Any CPU
		{5C52D1F7-BDF7-47B1-981E-9C3E1AC581E3}.Debug|Any CPU.Build.0 = Debug|Any CPU
		{5C52D1F7-BDF7-47B1-981E-9C3E1AC581E3}.Release|Any CPU.ActiveCfg = Release|Any CPU
		{5C52D1F7-BDF7-47B1-981E-9C3E1AC581E3}.Release|Any CPU.Build.0 = Release|Any CPU
		{EA126416-7EE6-44C0-BB6A-599BF83E7DDA}.Debug|Any CPU.ActiveCfg = Debug|Any CPU
		{EA126416-7EE6-44C0-BB6A-599BF83E7DDA}.Debug|Any CPU.Build.0 = Debug|Any CPU
		{EA126416-7EE6-44C0-BB6A-599BF83E7DDA}.Release|Any CPU.ActiveCfg = Release|Any CPU
		{EA126416-7EE6-44C0-BB6A-599BF83E7DDA}.Release|Any CPU.Build.0 = Release|Any CPU
	EndGlobalSection
	GlobalSection(SolutionProperties) = preSolution
		HideSolutionNode = FALSE
	EndGlobalSection
	GlobalSection(ExtensibilityGlobals) = postSolution
		SolutionGuid = {8F4F3AB1-1E45-4DFB-9FE0-79D0C57B3F45}
	EndGlobalSection
EndGlobal
